
Microsoft Visual Studio Solution File, Format Version 12.00
# Visual Studio 15
VisualStudioVersion = 15.0.27004.2002
MinimumVisualStudioVersion = 10.0.40219.1
Project("{FAE04EC0-301F-11D3-BF4B-00C04F79EFBC}") = "TaskManagement.Android", "TaskManagement\TaskManagement.Android\TaskManagement.Android.csproj", "{1DA07C43-A114-43E8-9411-C2EBFD818FFA}"
EndProject
Project("{FAE04EC0-301F-11D3-BF4B-00C04F79EFBC}") = "TaskManagement", "TaskManagement\TaskManagement\TaskManagement.csproj", "{AC62762C-631C-415E-9D31-EB6119680636}"
EndProject
Project("{FAE04EC0-301F-11D3-BF4B-00C04F79EFBC}") = "TaskManagement.UWP", "TaskManagement\TaskManagement.UWP\TaskManagement.UWP.csproj", "{0C45FFDD-0F2E-4373-8110-BF682C525947}"
	ProjectSection(ProjectDependencies) = postProject
		{F7567117-551C-455D-9BED-4267C04DB90A} = {F7567117-551C-455D-9BED-4267C04DB90A}
		{AC62762C-631C-415E-9D31-EB6119680636} = {AC62762C-631C-415E-9D31-EB6119680636}
		{84FE5744-E708-4047-8B64-698FCBCD6270} = {84FE5744-E708-4047-8B64-698FCBCD6270}
		{997261C3-6E66-405F-9717-7E8287232E84} = {997261C3-6E66-405F-9717-7E8287232E84}
	EndProjectSection
EndProject
Project("{FAE04EC0-301F-11D3-BF4B-00C04F79EFBC}") = "TaskManagement.iOS", "TaskManagement\TaskManagement.iOS\TaskManagement.iOS.csproj", "{F1EBC649-C712-4C30-A2E6-9CB621C4D157}"
EndProject
Project("{2150E333-8FDC-42A3-9474-1A3956D46DE8}") = "Mobile", "Mobile", "{8CF05A8A-A15C-4AB4-BB67-B6B75289E25A}"
EndProject
Project("{FAE04EC0-301F-11D3-BF4B-00C04F79EFBC}") = "TaskManagement.Views", "TaskManagement.Views\TaskManagement.Views.csproj", "{F7567117-551C-455D-9BED-4267C04DB90A}"
EndProject
Project("{FAE04EC0-301F-11D3-BF4B-00C04F79EFBC}") = "TaskManagement.ViewModel", "TaskManagement.ViewModel\TaskManagement.ViewModel.csproj", "{997261C3-6E66-405F-9717-7E8287232E84}"
EndProject
Project("{FAE04EC0-301F-11D3-BF4B-00C04F79EFBC}") = "TaskManagement.Models", "TaskManagement.Models\TaskManagement.Models.csproj", "{84FE5744-E708-4047-8B64-698FCBCD6270}"
EndProject
Global
	GlobalSection(SolutionConfigurationPlatforms) = preSolution
		Ad-Hoc|Any CPU = Ad-Hoc|Any CPU
		Ad-Hoc|ARM = Ad-Hoc|ARM
		Ad-Hoc|iPhone = Ad-Hoc|iPhone
		Ad-Hoc|iPhoneSimulator = Ad-Hoc|iPhoneSimulator
		Ad-Hoc|x64 = Ad-Hoc|x64
		Ad-Hoc|x86 = Ad-Hoc|x86
		AppStore|Any CPU = AppStore|Any CPU
		AppStore|ARM = AppStore|ARM
		AppStore|iPhone = AppStore|iPhone
		AppStore|iPhoneSimulator = AppStore|iPhoneSimulator
		AppStore|x64 = AppStore|x64
		AppStore|x86 = AppStore|x86
		Debug|Any CPU = Debug|Any CPU
		Debug|ARM = Debug|ARM
		Debug|iPhone = Debug|iPhone
		Debug|iPhoneSimulator = Debug|iPhoneSimulator
		Debug|x64 = Debug|x64
		Debug|x86 = Debug|x86
		Release|Any CPU = Release|Any CPU
		Release|ARM = Release|ARM
		Release|iPhone = Release|iPhone
		Release|iPhoneSimulator = Release|iPhoneSimulator
		Release|x64 = Release|x64
		Release|x86 = Release|x86
	EndGlobalSection
	GlobalSection(ProjectConfigurationPlatforms) = postSolution
		{1DA07C43-A114-43E8-9411-C2EBFD818FFA}.Ad-Hoc|Any CPU.ActiveCfg = Release|Any CPU
		{1DA07C43-A114-43E8-9411-C2EBFD818FFA}.Ad-Hoc|Any CPU.Build.0 = Release|Any CPU
		{1DA07C43-A114-43E8-9411-C2EBFD818FFA}.Ad-Hoc|Any CPU.Deploy.0 = Release|Any CPU
		{1DA07C43-A114-43E8-9411-C2EBFD818FFA}.Ad-Hoc|ARM.ActiveCfg = Release|Any CPU
		{1DA07C43-A114-43E8-9411-C2EBFD818FFA}.Ad-Hoc|ARM.Build.0 = Release|Any CPU
		{1DA07C43-A114-43E8-9411-C2EBFD818FFA}.Ad-Hoc|ARM.Deploy.0 = Release|Any CPU
		{1DA07C43-A114-43E8-9411-C2EBFD818FFA}.Ad-Hoc|iPhone.ActiveCfg = Release|Any CPU
		{1DA07C43-A114-43E8-9411-C2EBFD818FFA}.Ad-Hoc|iPhone.Build.0 = Release|Any CPU
		{1DA07C43-A114-43E8-9411-C2EBFD818FFA}.Ad-Hoc|iPhone.Deploy.0 = Release|Any CPU
		{1DA07C43-A114-43E8-9411-C2EBFD818FFA}.Ad-Hoc|iPhoneSimulator.ActiveCfg = Release|Any CPU
		{1DA07C43-A114-43E8-9411-C2EBFD818FFA}.Ad-Hoc|iPhoneSimulator.Build.0 = Release|Any CPU
		{1DA07C43-A114-43E8-9411-C2EBFD818FFA}.Ad-Hoc|iPhoneSimulator.Deploy.0 = Release|Any CPU
		{1DA07C43-A114-43E8-9411-C2EBFD818FFA}.Ad-Hoc|x64.ActiveCfg = Release|Any CPU
		{1DA07C43-A114-43E8-9411-C2EBFD818FFA}.Ad-Hoc|x64.Build.0 = Release|Any CPU
		{1DA07C43-A114-43E8-9411-C2EBFD818FFA}.Ad-Hoc|x64.Deploy.0 = Release|Any CPU
		{1DA07C43-A114-43E8-9411-C2EBFD818FFA}.Ad-Hoc|x86.ActiveCfg = Release|Any CPU
		{1DA07C43-A114-43E8-9411-C2EBFD818FFA}.Ad-Hoc|x86.Build.0 = Release|Any CPU
		{1DA07C43-A114-43E8-9411-C2EBFD818FFA}.Ad-Hoc|x86.Deploy.0 = Release|Any CPU
		{1DA07C43-A114-43E8-9411-C2EBFD818FFA}.AppStore|Any CPU.ActiveCfg = Release|Any CPU
		{1DA07C43-A114-43E8-9411-C2EBFD818FFA}.AppStore|Any CPU.Build.0 = Release|Any CPU
		{1DA07C43-A114-43E8-9411-C2EBFD818FFA}.AppStore|Any CPU.Deploy.0 = Release|Any CPU
		{1DA07C43-A114-43E8-9411-C2EBFD818FFA}.AppStore|ARM.ActiveCfg = Release|Any CPU
		{1DA07C43-A114-43E8-9411-C2EBFD818FFA}.AppStore|ARM.Build.0 = Release|Any CPU
		{1DA07C43-A114-43E8-9411-C2EBFD818FFA}.AppStore|ARM.Deploy.0 = Release|Any CPU
		{1DA07C43-A114-43E8-9411-C2EBFD818FFA}.AppStore|iPhone.ActiveCfg = Release|Any CPU
		{1DA07C43-A114-43E8-9411-C2EBFD818FFA}.AppStore|iPhone.Build.0 = Release|Any CPU
		{1DA07C43-A114-43E8-9411-C2EBFD818FFA}.AppStore|iPhone.Deploy.0 = Release|Any CPU
		{1DA07C43-A114-43E8-9411-C2EBFD818FFA}.AppStore|iPhoneSimulator.ActiveCfg = Release|Any CPU
		{1DA07C43-A114-43E8-9411-C2EBFD818FFA}.AppStore|iPhoneSimulator.Build.0 = Release|Any CPU
		{1DA07C43-A114-43E8-9411-C2EBFD818FFA}.AppStore|iPhoneSimulator.Deploy.0 = Release|Any CPU
		{1DA07C43-A114-43E8-9411-C2EBFD818FFA}.AppStore|x64.ActiveCfg = Release|Any CPU
		{1DA07C43-A114-43E8-9411-C2EBFD818FFA}.AppStore|x64.Build.0 = Release|Any CPU
		{1DA07C43-A114-43E8-9411-C2EBFD818FFA}.AppStore|x64.Deploy.0 = Release|Any CPU
		{1DA07C43-A114-43E8-9411-C2EBFD818FFA}.AppStore|x86.ActiveCfg = Release|Any CPU
		{1DA07C43-A114-43E8-9411-C2EBFD818FFA}.AppStore|x86.Build.0 = Release|Any CPU
		{1DA07C43-A114-43E8-9411-C2EBFD818FFA}.AppStore|x86.Deploy.0 = Release|Any CPU
		{1DA07C43-A114-43E8-9411-C2EBFD818FFA}.Debug|Any CPU.ActiveCfg = Debug|Any CPU
		{1DA07C43-A114-43E8-9411-C2EBFD818FFA}.Debug|Any CPU.Build.0 = Debug|Any CPU
		{1DA07C43-A114-43E8-9411-C2EBFD818FFA}.Debug|Any CPU.Deploy.0 = Debug|Any CPU
		{1DA07C43-A114-43E8-9411-C2EBFD818FFA}.Debug|ARM.ActiveCfg = Debug|Any CPU
		{1DA07C43-A114-43E8-9411-C2EBFD818FFA}.Debug|ARM.Build.0 = Debug|Any CPU
		{1DA07C43-A114-43E8-9411-C2EBFD818FFA}.Debug|ARM.Deploy.0 = Debug|Any CPU
		{1DA07C43-A114-43E8-9411-C2EBFD818FFA}.Debug|iPhone.ActiveCfg = Debug|Any CPU
		{1DA07C43-A114-43E8-9411-C2EBFD818FFA}.Debug|iPhone.Build.0 = Debug|Any CPU
		{1DA07C43-A114-43E8-9411-C2EBFD818FFA}.Debug|iPhone.Deploy.0 = Debug|Any CPU
		{1DA07C43-A114-43E8-9411-C2EBFD818FFA}.Debug|iPhoneSimulator.ActiveCfg = Debug|Any CPU
		{1DA07C43-A114-43E8-9411-C2EBFD818FFA}.Debug|iPhoneSimulator.Build.0 = Debug|Any CPU
		{1DA07C43-A114-43E8-9411-C2EBFD818FFA}.Debug|iPhoneSimulator.Deploy.0 = Debug|Any CPU
		{1DA07C43-A114-43E8-9411-C2EBFD818FFA}.Debug|x64.ActiveCfg = Debug|Any CPU
		{1DA07C43-A114-43E8-9411-C2EBFD818FFA}.Debug|x64.Build.0 = Debug|Any CPU
		{1DA07C43-A114-43E8-9411-C2EBFD818FFA}.Debug|x64.Deploy.0 = Debug|Any CPU
		{1DA07C43-A114-43E8-9411-C2EBFD818FFA}.Debug|x86.ActiveCfg = Debug|Any CPU
		{1DA07C43-A114-43E8-9411-C2EBFD818FFA}.Debug|x86.Build.0 = Debug|Any CPU
		{1DA07C43-A114-43E8-9411-C2EBFD818FFA}.Debug|x86.Deploy.0 = Debug|Any CPU
		{1DA07C43-A114-43E8-9411-C2EBFD818FFA}.Release|Any CPU.ActiveCfg = Release|Any CPU
		{1DA07C43-A114-43E8-9411-C2EBFD818FFA}.Release|Any CPU.Build.0 = Release|Any CPU
		{1DA07C43-A114-43E8-9411-C2EBFD818FFA}.Release|Any CPU.Deploy.0 = Release|Any CPU
		{1DA07C43-A114-43E8-9411-C2EBFD818FFA}.Release|ARM.ActiveCfg = Release|Any CPU
		{1DA07C43-A114-43E8-9411-C2EBFD818FFA}.Release|ARM.Build.0 = Release|Any CPU
		{1DA07C43-A114-43E8-9411-C2EBFD818FFA}.Release|ARM.Deploy.0 = Release|Any CPU
		{1DA07C43-A114-43E8-9411-C2EBFD818FFA}.Release|iPhone.ActiveCfg = Release|Any CPU
		{1DA07C43-A114-43E8-9411-C2EBFD818FFA}.Release|iPhone.Build.0 = Release|Any CPU
		{1DA07C43-A114-43E8-9411-C2EBFD818FFA}.Release|iPhone.Deploy.0 = Release|Any CPU
		{1DA07C43-A114-43E8-9411-C2EBFD818FFA}.Release|iPhoneSimulator.ActiveCfg = Release|Any CPU
		{1DA07C43-A114-43E8-9411-C2EBFD818FFA}.Release|iPhoneSimulator.Build.0 = Release|Any CPU
		{1DA07C43-A114-43E8-9411-C2EBFD818FFA}.Release|iPhoneSimulator.Deploy.0 = Release|Any CPU
		{1DA07C43-A114-43E8-9411-C2EBFD818FFA}.Release|x64.ActiveCfg = Release|Any CPU
		{1DA07C43-A114-43E8-9411-C2EBFD818FFA}.Release|x64.Build.0 = Release|Any CPU
		{1DA07C43-A114-43E8-9411-C2EBFD818FFA}.Release|x64.Deploy.0 = Release|Any CPU
		{1DA07C43-A114-43E8-9411-C2EBFD818FFA}.Release|x86.ActiveCfg = Release|Any CPU
		{1DA07C43-A114-43E8-9411-C2EBFD818FFA}.Release|x86.Build.0 = Release|Any CPU
		{1DA07C43-A114-43E8-9411-C2EBFD818FFA}.Release|x86.Deploy.0 = Release|Any CPU
		{AC62762C-631C-415E-9D31-EB6119680636}.Ad-Hoc|Any CPU.ActiveCfg = Release|Any CPU
		{AC62762C-631C-415E-9D31-EB6119680636}.Ad-Hoc|Any CPU.Build.0 = Release|Any CPU
		{AC62762C-631C-415E-9D31-EB6119680636}.Ad-Hoc|ARM.ActiveCfg = Release|Any CPU
		{AC62762C-631C-415E-9D31-EB6119680636}.Ad-Hoc|ARM.Build.0 = Release|Any CPU
		{AC62762C-631C-415E-9D31-EB6119680636}.Ad-Hoc|iPhone.ActiveCfg = Release|Any CPU
		{AC62762C-631C-415E-9D31-EB6119680636}.Ad-Hoc|iPhone.Build.0 = Release|Any CPU
		{AC62762C-631C-415E-9D31-EB6119680636}.Ad-Hoc|iPhoneSimulator.ActiveCfg = Release|Any CPU
		{AC62762C-631C-415E-9D31-EB6119680636}.Ad-Hoc|iPhoneSimulator.Build.0 = Release|Any CPU
		{AC62762C-631C-415E-9D31-EB6119680636}.Ad-Hoc|x64.ActiveCfg = Release|Any CPU
		{AC62762C-631C-415E-9D31-EB6119680636}.Ad-Hoc|x64.Build.0 = Release|Any CPU
		{AC62762C-631C-415E-9D31-EB6119680636}.Ad-Hoc|x86.ActiveCfg = Release|Any CPU
		{AC62762C-631C-415E-9D31-EB6119680636}.Ad-Hoc|x86.Build.0 = Release|Any CPU
		{AC62762C-631C-415E-9D31-EB6119680636}.AppStore|Any CPU.ActiveCfg = Release|Any CPU
		{AC62762C-631C-415E-9D31-EB6119680636}.AppStore|Any CPU.Build.0 = Release|Any CPU
		{AC62762C-631C-415E-9D31-EB6119680636}.AppStore|ARM.ActiveCfg = Release|Any CPU
		{AC62762C-631C-415E-9D31-EB6119680636}.AppStore|ARM.Build.0 = Release|Any CPU
		{AC62762C-631C-415E-9D31-EB6119680636}.AppStore|iPhone.ActiveCfg = Release|Any CPU
		{AC62762C-631C-415E-9D31-EB6119680636}.AppStore|iPhone.Build.0 = Release|Any CPU
		{AC62762C-631C-415E-9D31-EB6119680636}.AppStore|iPhoneSimulator.ActiveCfg = Release|Any CPU
		{AC62762C-631C-415E-9D31-EB6119680636}.AppStore|iPhoneSimulator.Build.0 = Release|Any CPU
		{AC62762C-631C-415E-9D31-EB6119680636}.AppStore|x64.ActiveCfg = Release|Any CPU
		{AC62762C-631C-415E-9D31-EB6119680636}.AppStore|x64.Build.0 = Release|Any CPU
		{AC62762C-631C-415E-9D31-EB6119680636}.AppStore|x86.ActiveCfg = Release|Any CPU
		{AC62762C-631C-415E-9D31-EB6119680636}.AppStore|x86.Build.0 = Release|Any CPU
		{AC62762C-631C-415E-9D31-EB6119680636}.Debug|Any CPU.ActiveCfg = Debug|Any CPU
		{AC62762C-631C-415E-9D31-EB6119680636}.Debug|Any CPU.Build.0 = Debug|Any CPU
		{AC62762C-631C-415E-9D31-EB6119680636}.Debug|ARM.ActiveCfg = Debug|Any CPU
		{AC62762C-631C-415E-9D31-EB6119680636}.Debug|ARM.Build.0 = Debug|Any CPU
		{AC62762C-631C-415E-9D31-EB6119680636}.Debug|iPhone.ActiveCfg = Debug|Any CPU
		{AC62762C-631C-415E-9D31-EB6119680636}.Debug|iPhone.Build.0 = Debug|Any CPU
		{AC62762C-631C-415E-9D31-EB6119680636}.Debug|iPhoneSimulator.ActiveCfg = Debug|Any CPU
		{AC62762C-631C-415E-9D31-EB6119680636}.Debug|iPhoneSimulator.Build.0 = Debug|Any CPU
		{AC62762C-631C-415E-9D31-EB6119680636}.Debug|x64.ActiveCfg = Debug|Any CPU
		{AC62762C-631C-415E-9D31-EB6119680636}.Debug|x64.Build.0 = Debug|Any CPU
		{AC62762C-631C-415E-9D31-EB6119680636}.Debug|x86.ActiveCfg = Debug|Any CPU
		{AC62762C-631C-415E-9D31-EB6119680636}.Debug|x86.Build.0 = Debug|Any CPU
		{AC62762C-631C-415E-9D31-EB6119680636}.Release|Any CPU.ActiveCfg = Release|Any CPU
		{AC62762C-631C-415E-9D31-EB6119680636}.Release|Any CPU.Build.0 = Release|Any CPU
		{AC62762C-631C-415E-9D31-EB6119680636}.Release|ARM.ActiveCfg = Release|Any CPU
		{AC62762C-631C-415E-9D31-EB6119680636}.Release|ARM.Build.0 = Release|Any CPU
		{AC62762C-631C-415E-9D31-EB6119680636}.Release|iPhone.ActiveCfg = Release|Any CPU
		{AC62762C-631C-415E-9D31-EB6119680636}.Release|iPhone.Build.0 = Release|Any CPU
		{AC62762C-631C-415E-9D31-EB6119680636}.Release|iPhoneSimulator.ActiveCfg = Release|Any CPU
		{AC62762C-631C-415E-9D31-EB6119680636}.Release|iPhoneSimulator.Build.0 = Release|Any CPU
		{AC62762C-631C-415E-9D31-EB6119680636}.Release|x64.ActiveCfg = Release|Any CPU
		{AC62762C-631C-415E-9D31-EB6119680636}.Release|x64.Build.0 = Release|Any CPU
		{AC62762C-631C-415E-9D31-EB6119680636}.Release|x86.ActiveCfg = Release|Any CPU
		{AC62762C-631C-415E-9D31-EB6119680636}.Release|x86.Build.0 = Release|Any CPU
		{0C45FFDD-0F2E-4373-8110-BF682C525947}.Ad-Hoc|Any CPU.ActiveCfg = Release|x86
		{0C45FFDD-0F2E-4373-8110-BF682C525947}.Ad-Hoc|Any CPU.Build.0 = Release|x86
		{0C45FFDD-0F2E-4373-8110-BF682C525947}.Ad-Hoc|Any CPU.Deploy.0 = Release|x86
		{0C45FFDD-0F2E-4373-8110-BF682C525947}.Ad-Hoc|ARM.ActiveCfg = Release|ARM
		{0C45FFDD-0F2E-4373-8110-BF682C525947}.Ad-Hoc|ARM.Build.0 = Release|ARM
		{0C45FFDD-0F2E-4373-8110-BF682C525947}.Ad-Hoc|ARM.Deploy.0 = Release|ARM
		{0C45FFDD-0F2E-4373-8110-BF682C525947}.Ad-Hoc|iPhone.ActiveCfg = Release|x86
		{0C45FFDD-0F2E-4373-8110-BF682C525947}.Ad-Hoc|iPhone.Build.0 = Release|x86
		{0C45FFDD-0F2E-4373-8110-BF682C525947}.Ad-Hoc|iPhone.Deploy.0 = Release|x86
		{0C45FFDD-0F2E-4373-8110-BF682C525947}.Ad-Hoc|iPhoneSimulator.ActiveCfg = Release|x86
		{0C45FFDD-0F2E-4373-8110-BF682C525947}.Ad-Hoc|iPhoneSimulator.Build.0 = Release|x86
		{0C45FFDD-0F2E-4373-8110-BF682C525947}.Ad-Hoc|iPhoneSimulator.Deploy.0 = Release|x86
		{0C45FFDD-0F2E-4373-8110-BF682C525947}.Ad-Hoc|x64.ActiveCfg = Release|x64
		{0C45FFDD-0F2E-4373-8110-BF682C525947}.Ad-Hoc|x64.Build.0 = Release|x64
		{0C45FFDD-0F2E-4373-8110-BF682C525947}.Ad-Hoc|x64.Deploy.0 = Release|x64
		{0C45FFDD-0F2E-4373-8110-BF682C525947}.Ad-Hoc|x86.ActiveCfg = Release|x86
		{0C45FFDD-0F2E-4373-8110-BF682C525947}.Ad-Hoc|x86.Build.0 = Release|x86
		{0C45FFDD-0F2E-4373-8110-BF682C525947}.Ad-Hoc|x86.Deploy.0 = Release|x86
		{0C45FFDD-0F2E-4373-8110-BF682C525947}.AppStore|Any CPU.ActiveCfg = Release|x86
		{0C45FFDD-0F2E-4373-8110-BF682C525947}.AppStore|Any CPU.Build.0 = Release|x86
		{0C45FFDD-0F2E-4373-8110-BF682C525947}.AppStore|Any CPU.Deploy.0 = Release|x86
		{0C45FFDD-0F2E-4373-8110-BF682C525947}.AppStore|ARM.ActiveCfg = Release|ARM
		{0C45FFDD-0F2E-4373-8110-BF682C525947}.AppStore|ARM.Build.0 = Release|ARM
		{0C45FFDD-0F2E-4373-8110-BF682C525947}.AppStore|ARM.Deploy.0 = Release|ARM
		{0C45FFDD-0F2E-4373-8110-BF682C525947}.AppStore|iPhone.ActiveCfg = Release|x86
		{0C45FFDD-0F2E-4373-8110-BF682C525947}.AppStore|iPhone.Build.0 = Release|x86
		{0C45FFDD-0F2E-4373-8110-BF682C525947}.AppStore|iPhone.Deploy.0 = Release|x86
		{0C45FFDD-0F2E-4373-8110-BF682C525947}.AppStore|iPhoneSimulator.ActiveCfg = Release|x86
		{0C45FFDD-0F2E-4373-8110-BF682C525947}.AppStore|iPhoneSimulator.Build.0 = Release|x86
		{0C45FFDD-0F2E-4373-8110-BF682C525947}.AppStore|iPhoneSimulator.Deploy.0 = Release|x86
		{0C45FFDD-0F2E-4373-8110-BF682C525947}.AppStore|x64.ActiveCfg = Release|x64
		{0C45FFDD-0F2E-4373-8110-BF682C525947}.AppStore|x64.Build.0 = Release|x64
		{0C45FFDD-0F2E-4373-8110-BF682C525947}.AppStore|x64.Deploy.0 = Release|x64
		{0C45FFDD-0F2E-4373-8110-BF682C525947}.AppStore|x86.ActiveCfg = Release|x86
		{0C45FFDD-0F2E-4373-8110-BF682C525947}.AppStore|x86.Build.0 = Release|x86
		{0C45FFDD-0F2E-4373-8110-BF682C525947}.AppStore|x86.Deploy.0 = Release|x86
		{0C45FFDD-0F2E-4373-8110-BF682C525947}.Debug|Any CPU.ActiveCfg = Debug|x86
		{0C45FFDD-0F2E-4373-8110-BF682C525947}.Debug|ARM.ActiveCfg = Debug|ARM
		{0C45FFDD-0F2E-4373-8110-BF682C525947}.Debug|ARM.Build.0 = Debug|ARM
		{0C45FFDD-0F2E-4373-8110-BF682C525947}.Debug|ARM.Deploy.0 = Debug|ARM
		{0C45FFDD-0F2E-4373-8110-BF682C525947}.Debug|iPhone.ActiveCfg = Debug|x86
		{0C45FFDD-0F2E-4373-8110-BF682C525947}.Debug|iPhoneSimulator.ActiveCfg = Debug|x86
		{0C45FFDD-0F2E-4373-8110-BF682C525947}.Debug|x64.ActiveCfg = Debug|x64
		{0C45FFDD-0F2E-4373-8110-BF682C525947}.Debug|x64.Build.0 = Debug|x64
		{0C45FFDD-0F2E-4373-8110-BF682C525947}.Debug|x64.Deploy.0 = Debug|x64
		{0C45FFDD-0F2E-4373-8110-BF682C525947}.Debug|x86.ActiveCfg = Debug|x86
		{0C45FFDD-0F2E-4373-8110-BF682C525947}.Debug|x86.Build.0 = Debug|x86
		{0C45FFDD-0F2E-4373-8110-BF682C525947}.Debug|x86.Deploy.0 = Debug|x86
		{0C45FFDD-0F2E-4373-8110-BF682C525947}.Release|Any CPU.ActiveCfg = Release|x86
		{0C45FFDD-0F2E-4373-8110-BF682C525947}.Release|ARM.ActiveCfg = Release|ARM
		{0C45FFDD-0F2E-4373-8110-BF682C525947}.Release|ARM.Build.0 = Release|ARM
		{0C45FFDD-0F2E-4373-8110-BF682C525947}.Release|ARM.Deploy.0 = Release|ARM
		{0C45FFDD-0F2E-4373-8110-BF682C525947}.Release|iPhone.ActiveCfg = Release|x86
		{0C45FFDD-0F2E-4373-8110-BF682C525947}.Release|iPhoneSimulator.ActiveCfg = Release|x86
		{0C45FFDD-0F2E-4373-8110-BF682C525947}.Release|x64.ActiveCfg = Release|x64
		{0C45FFDD-0F2E-4373-8110-BF682C525947}.Release|x64.Build.0 = Release|x64
		{0C45FFDD-0F2E-4373-8110-BF682C525947}.Release|x64.Deploy.0 = Release|x64
		{0C45FFDD-0F2E-4373-8110-BF682C525947}.Release|x86.ActiveCfg = Release|x86
		{0C45FFDD-0F2E-4373-8110-BF682C525947}.Release|x86.Build.0 = Release|x86
		{0C45FFDD-0F2E-4373-8110-BF682C525947}.Release|x86.Deploy.0 = Release|x86
		{F1EBC649-C712-4C30-A2E6-9CB621C4D157}.Ad-Hoc|Any CPU.ActiveCfg = Ad-Hoc|iPhoneSimulator
		{F1EBC649-C712-4C30-A2E6-9CB621C4D157}.Ad-Hoc|ARM.ActiveCfg = Ad-Hoc|iPhone
		{F1EBC649-C712-4C30-A2E6-9CB621C4D157}.Ad-Hoc|iPhone.ActiveCfg = Ad-Hoc|iPhone
		{F1EBC649-C712-4C30-A2E6-9CB621C4D157}.Ad-Hoc|iPhone.Build.0 = Ad-Hoc|iPhone
		{F1EBC649-C712-4C30-A2E6-9CB621C4D157}.Ad-Hoc|iPhoneSimulator.ActiveCfg = Ad-Hoc|iPhoneSimulator
		{F1EBC649-C712-4C30-A2E6-9CB621C4D157}.Ad-Hoc|iPhoneSimulator.Build.0 = Ad-Hoc|iPhoneSimulator
		{F1EBC649-C712-4C30-A2E6-9CB621C4D157}.Ad-Hoc|x64.ActiveCfg = Ad-Hoc|iPhone
		{F1EBC649-C712-4C30-A2E6-9CB621C4D157}.Ad-Hoc|x86.ActiveCfg = Ad-Hoc|iPhone
		{F1EBC649-C712-4C30-A2E6-9CB621C4D157}.AppStore|Any CPU.ActiveCfg = AppStore|iPhoneSimulator
		{F1EBC649-C712-4C30-A2E6-9CB621C4D157}.AppStore|ARM.ActiveCfg = AppStore|iPhone
		{F1EBC649-C712-4C30-A2E6-9CB621C4D157}.AppStore|iPhone.ActiveCfg = AppStore|iPhone
		{F1EBC649-C712-4C30-A2E6-9CB621C4D157}.AppStore|iPhone.Build.0 = AppStore|iPhone
		{F1EBC649-C712-4C30-A2E6-9CB621C4D157}.AppStore|iPhoneSimulator.ActiveCfg = AppStore|iPhoneSimulator
		{F1EBC649-C712-4C30-A2E6-9CB621C4D157}.AppStore|iPhoneSimulator.Build.0 = AppStore|iPhoneSimulator
		{F1EBC649-C712-4C30-A2E6-9CB621C4D157}.AppStore|x64.ActiveCfg = AppStore|iPhone
		{F1EBC649-C712-4C30-A2E6-9CB621C4D157}.AppStore|x86.ActiveCfg = AppStore|iPhone
		{F1EBC649-C712-4C30-A2E6-9CB621C4D157}.Debug|Any CPU.ActiveCfg = Debug|iPhoneSimulator
		{F1EBC649-C712-4C30-A2E6-9CB621C4D157}.Debug|ARM.ActiveCfg = Debug|iPhone
		{F1EBC649-C712-4C30-A2E6-9CB621C4D157}.Debug|iPhone.ActiveCfg = Debug|iPhone
		{F1EBC649-C712-4C30-A2E6-9CB621C4D157}.Debug|iPhone.Build.0 = Debug|iPhone
		{F1EBC649-C712-4C30-A2E6-9CB621C4D157}.Debug|iPhoneSimulator.ActiveCfg = Debug|iPhoneSimulator
		{F1EBC649-C712-4C30-A2E6-9CB621C4D157}.Debug|iPhoneSimulator.Build.0 = Debug|iPhoneSimulator
		{F1EBC649-C712-4C30-A2E6-9CB621C4D157}.Debug|x64.ActiveCfg = Debug|iPhone
		{F1EBC649-C712-4C30-A2E6-9CB621C4D157}.Debug|x86.ActiveCfg = Debug|iPhone
		{F1EBC649-C712-4C30-A2E6-9CB621C4D157}.Release|Any CPU.ActiveCfg = Release|iPhoneSimulator
		{F1EBC649-C712-4C30-A2E6-9CB621C4D157}.Release|ARM.ActiveCfg = Release|iPhone
		{F1EBC649-C712-4C30-A2E6-9CB621C4D157}.Release|iPhone.ActiveCfg = Release|iPhone
		{F1EBC649-C712-4C30-A2E6-9CB621C4D157}.Release|iPhone.Build.0 = Release|iPhone
		{F1EBC649-C712-4C30-A2E6-9CB621C4D157}.Release|iPhoneSimulator.ActiveCfg = Release|iPhoneSimulator
		{F1EBC649-C712-4C30-A2E6-9CB621C4D157}.Release|iPhoneSimulator.Build.0 = Release|iPhoneSimulator
		{F1EBC649-C712-4C30-A2E6-9CB621C4D157}.Release|x64.ActiveCfg = Release|iPhone
		{F1EBC649-C712-4C30-A2E6-9CB621C4D157}.Release|x86.ActiveCfg = Release|iPhone
		{F7567117-551C-455D-9BED-4267C04DB90A}.Ad-Hoc|Any CPU.ActiveCfg = Release|Any CPU
		{F7567117-551C-455D-9BED-4267C04DB90A}.Ad-Hoc|Any CPU.Build.0 = Release|Any CPU
		{F7567117-551C-455D-9BED-4267C04DB90A}.Ad-Hoc|ARM.ActiveCfg = Release|Any CPU
		{F7567117-551C-455D-9BED-4267C04DB90A}.Ad-Hoc|ARM.Build.0 = Release|Any CPU
		{F7567117-551C-455D-9BED-4267C04DB90A}.Ad-Hoc|iPhone.ActiveCfg = Release|Any CPU
		{F7567117-551C-455D-9BED-4267C04DB90A}.Ad-Hoc|iPhone.Build.0 = Release|Any CPU
		{F7567117-551C-455D-9BED-4267C04DB90A}.Ad-Hoc|iPhoneSimulator.ActiveCfg = Release|Any CPU
		{F7567117-551C-455D-9BED-4267C04DB90A}.Ad-Hoc|iPhoneSimulator.Build.0 = Release|Any CPU
		{F7567117-551C-455D-9BED-4267C04DB90A}.Ad-Hoc|x64.ActiveCfg = Release|Any CPU
		{F7567117-551C-455D-9BED-4267C04DB90A}.Ad-Hoc|x64.Build.0 = Release|Any CPU
		{F7567117-551C-455D-9BED-4267C04DB90A}.Ad-Hoc|x86.ActiveCfg = Release|Any CPU
		{F7567117-551C-455D-9BED-4267C04DB90A}.Ad-Hoc|x86.Build.0 = Release|Any CPU
		{F7567117-551C-455D-9BED-4267C04DB90A}.AppStore|Any CPU.ActiveCfg = Release|Any CPU
		{F7567117-551C-455D-9BED-4267C04DB90A}.AppStore|Any CPU.Build.0 = Release|Any CPU
		{F7567117-551C-455D-9BED-4267C04DB90A}.AppStore|ARM.ActiveCfg = Release|Any CPU
		{F7567117-551C-455D-9BED-4267C04DB90A}.AppStore|ARM.Build.0 = Release|Any CPU
		{F7567117-551C-455D-9BED-4267C04DB90A}.AppStore|iPhone.ActiveCfg = Release|Any CPU
		{F7567117-551C-455D-9BED-4267C04DB90A}.AppStore|iPhone.Build.0 = Release|Any CPU
		{F7567117-551C-455D-9BED-4267C04DB90A}.AppStore|iPhoneSimulator.ActiveCfg = Release|Any CPU
		{F7567117-551C-455D-9BED-4267C04DB90A}.AppStore|iPhoneSimulator.Build.0 = Release|Any CPU
		{F7567117-551C-455D-9BED-4267C04DB90A}.AppStore|x64.ActiveCfg = Release|Any CPU
		{F7567117-551C-455D-9BED-4267C04DB90A}.AppStore|x64.Build.0 = Release|Any CPU
		{F7567117-551C-455D-9BED-4267C04DB90A}.AppStore|x86.ActiveCfg = Release|Any CPU
		{F7567117-551C-455D-9BED-4267C04DB90A}.AppStore|x86.Build.0 = Release|Any CPU
		{F7567117-551C-455D-9BED-4267C04DB90A}.Debug|Any CPU.ActiveCfg = Debug|Any CPU
		{F7567117-551C-455D-9BED-4267C04DB90A}.Debug|Any CPU.Build.0 = Debug|Any CPU
		{F7567117-551C-455D-9BED-4267C04DB90A}.Debug|ARM.ActiveCfg = Debug|Any CPU
		{F7567117-551C-455D-9BED-4267C04DB90A}.Debug|ARM.Build.0 = Debug|Any CPU
		{F7567117-551C-455D-9BED-4267C04DB90A}.Debug|iPhone.ActiveCfg = Debug|Any CPU
		{F7567117-551C-455D-9BED-4267C04DB90A}.Debug|iPhone.Build.0 = Debug|Any CPU
		{F7567117-551C-455D-9BED-4267C04DB90A}.Debug|iPhoneSimulator.ActiveCfg = Debug|Any CPU
		{F7567117-551C-455D-9BED-4267C04DB90A}.Debug|iPhoneSimulator.Build.0 = Debug|Any CPU
		{F7567117-551C-455D-9BED-4267C04DB90A}.Debug|x64.ActiveCfg = Debug|Any CPU
		{F7567117-551C-455D-9BED-4267C04DB90A}.Debug|x64.Build.0 = Debug|Any CPU
		{F7567117-551C-455D-9BED-4267C04DB90A}.Debug|x86.ActiveCfg = Debug|Any CPU
		{F7567117-551C-455D-9BED-4267C04DB90A}.Debug|x86.Build.0 = Debug|Any CPU
		{F7567117-551C-455D-9BED-4267C04DB90A}.Release|Any CPU.ActiveCfg = Release|Any CPU
		{F7567117-551C-455D-9BED-4267C04DB90A}.Release|Any CPU.Build.0 = Release|Any CPU
		{F7567117-551C-455D-9BED-4267C04DB90A}.Release|ARM.ActiveCfg = Release|Any CPU
		{F7567117-551C-455D-9BED-4267C04DB90A}.Release|ARM.Build.0 = Release|Any CPU
		{F7567117-551C-455D-9BED-4267C04DB90A}.Release|iPhone.ActiveCfg = Release|Any CPU
		{F7567117-551C-455D-9BED-4267C04DB90A}.Release|iPhone.Build.0 = Release|Any CPU
		{F7567117-551C-455D-9BED-4267C04DB90A}.Release|iPhoneSimulator.ActiveCfg = Release|Any CPU
		{F7567117-551C-455D-9BED-4267C04DB90A}.Release|iPhoneSimulator.Build.0 = Release|Any CPU
		{F7567117-551C-455D-9BED-4267C04DB90A}.Release|x64.ActiveCfg = Release|Any CPU
		{F7567117-551C-455D-9BED-4267C04DB90A}.Release|x64.Build.0 = Release|Any CPU
		{F7567117-551C-455D-9BED-4267C04DB90A}.Release|x86.ActiveCfg = Release|Any CPU
		{F7567117-551C-455D-9BED-4267C04DB90A}.Release|x86.Build.0 = Release|Any CPU
		{997261C3-6E66-405F-9717-7E8287232E84}.Ad-Hoc|Any CPU.ActiveCfg = Release|Any CPU
		{997261C3-6E66-405F-9717-7E8287232E84}.Ad-Hoc|Any CPU.Build.0 = Release|Any CPU
		{997261C3-6E66-405F-9717-7E8287232E84}.Ad-Hoc|ARM.ActiveCfg = Release|Any CPU
		{997261C3-6E66-405F-9717-7E8287232E84}.Ad-Hoc|ARM.Build.0 = Release|Any CPU
		{997261C3-6E66-405F-9717-7E8287232E84}.Ad-Hoc|iPhone.ActiveCfg = Release|Any CPU
		{997261C3-6E66-405F-9717-7E8287232E84}.Ad-Hoc|iPhone.Build.0 = Release|Any CPU
		{997261C3-6E66-405F-9717-7E8287232E84}.Ad-Hoc|iPhoneSimulator.ActiveCfg = Release|Any CPU
		{997261C3-6E66-405F-9717-7E8287232E84}.Ad-Hoc|iPhoneSimulator.Build.0 = Release|Any CPU
		{997261C3-6E66-405F-9717-7E8287232E84}.Ad-Hoc|x64.ActiveCfg = Release|Any CPU
		{997261C3-6E66-405F-9717-7E8287232E84}.Ad-Hoc|x64.Build.0 = Release|Any CPU
		{997261C3-6E66-405F-9717-7E8287232E84}.Ad-Hoc|x86.ActiveCfg = Release|Any CPU
		{997261C3-6E66-405F-9717-7E8287232E84}.Ad-Hoc|x86.Build.0 = Release|Any CPU
		{997261C3-6E66-405F-9717-7E8287232E84}.AppStore|Any CPU.ActiveCfg = Release|Any CPU
		{997261C3-6E66-405F-9717-7E8287232E84}.AppStore|Any CPU.Build.0 = Release|Any CPU
		{997261C3-6E66-405F-9717-7E8287232E84}.AppStore|ARM.ActiveCfg = Release|Any CPU
		{997261C3-6E66-405F-9717-7E8287232E84}.AppStore|ARM.Build.0 = Release|Any CPU
		{997261C3-6E66-405F-9717-7E8287232E84}.AppStore|iPhone.ActiveCfg = Release|Any CPU
		{997261C3-6E66-405F-9717-7E8287232E84}.AppStore|iPhone.Build.0 = Release|Any CPU
		{997261C3-6E66-405F-9717-7E8287232E84}.AppStore|iPhoneSimulator.ActiveCfg = Release|Any CPU
		{997261C3-6E66-405F-9717-7E8287232E84}.AppStore|iPhoneSimulator.Build.0 = Release|Any CPU
		{997261C3-6E66-405F-9717-7E8287232E84}.AppStore|x64.ActiveCfg = Release|Any CPU
		{997261C3-6E66-405F-9717-7E8287232E84}.AppStore|x64.Build.0 = Release|Any CPU
		{997261C3-6E66-405F-9717-7E8287232E84}.AppStore|x86.ActiveCfg = Release|Any CPU
		{997261C3-6E66-405F-9717-7E8287232E84}.AppStore|x86.Build.0 = Release|Any CPU
		{997261C3-6E66-405F-9717-7E8287232E84}.Debug|Any CPU.ActiveCfg = Debug|Any CPU
		{997261C3-6E66-405F-9717-7E8287232E84}.Debug|Any CPU.Build.0 = Debug|Any CPU
		{997261C3-6E66-405F-9717-7E8287232E84}.Debug|ARM.ActiveCfg = Debug|Any CPU
		{997261C3-6E66-405F-9717-7E8287232E84}.Debug|ARM.Build.0 = Debug|Any CPU
		{997261C3-6E66-405F-9717-7E8287232E84}.Debug|iPhone.ActiveCfg = Debug|Any CPU
		{997261C3-6E66-405F-9717-7E8287232E84}.Debug|iPhone.Build.0 = Debug|Any CPU
		{997261C3-6E66-405F-9717-7E8287232E84}.Debug|iPhoneSimulator.ActiveCfg = Debug|Any CPU
		{997261C3-6E66-405F-9717-7E8287232E84}.Debug|iPhoneSimulator.Build.0 = Debug|Any CPU
		{997261C3-6E66-405F-9717-7E8287232E84}.Debug|x64.ActiveCfg = Debug|Any CPU
		{997261C3-6E66-405F-9717-7E8287232E84}.Debug|x64.Build.0 = Debug|Any CPU
		{997261C3-6E66-405F-9717-7E8287232E84}.Debug|x86.ActiveCfg = Debug|Any CPU
		{997261C3-6E66-405F-9717-7E8287232E84}.Debug|x86.Build.0 = Debug|Any CPU
		{997261C3-6E66-405F-9717-7E8287232E84}.Release|Any CPU.ActiveCfg = Release|Any CPU
		{997261C3-6E66-405F-9717-7E8287232E84}.Release|Any CPU.Build.0 = Release|Any CPU
		{997261C3-6E66-405F-9717-7E8287232E84}.Release|ARM.ActiveCfg = Release|Any CPU
		{997261C3-6E66-405F-9717-7E8287232E84}.Release|ARM.Build.0 = Release|Any CPU
		{997261C3-6E66-405F-9717-7E8287232E84}.Release|iPhone.ActiveCfg = Release|Any CPU
		{997261C3-6E66-405F-9717-7E8287232E84}.Release|iPhone.Build.0 = Release|Any CPU
		{997261C3-6E66-405F-9717-7E8287232E84}.Release|iPhoneSimulator.ActiveCfg = Release|Any CPU
		{997261C3-6E66-405F-9717-7E8287232E84}.Release|iPhoneSimulator.Build.0 = Release|Any CPU
		{997261C3-6E66-405F-9717-7E8287232E84}.Release|x64.ActiveCfg = Release|Any CPU
		{997261C3-6E66-405F-9717-7E8287232E84}.Release|x64.Build.0 = Release|Any CPU
		{997261C3-6E66-405F-9717-7E8287232E84}.Release|x86.ActiveCfg = Release|Any CPU
		{997261C3-6E66-405F-9717-7E8287232E84}.Release|x86.Build.0 = Release|Any CPU
		{84FE5744-E708-4047-8B64-698FCBCD6270}.Ad-Hoc|Any CPU.ActiveCfg = Release|Any CPU
		{84FE5744-E708-4047-8B64-698FCBCD6270}.Ad-Hoc|Any CPU.Build.0 = Release|Any CPU
		{84FE5744-E708-4047-8B64-698FCBCD6270}.Ad-Hoc|ARM.ActiveCfg = Release|Any CPU
		{84FE5744-E708-4047-8B64-698FCBCD6270}.Ad-Hoc|ARM.Build.0 = Release|Any CPU
		{84FE5744-E708-4047-8B64-698FCBCD6270}.Ad-Hoc|iPhone.ActiveCfg = Release|Any CPU
		{84FE5744-E708-4047-8B64-698FCBCD6270}.Ad-Hoc|iPhone.Build.0 = Release|Any CPU
		{84FE5744-E708-4047-8B64-698FCBCD6270}.Ad-Hoc|iPhoneSimulator.ActiveCfg = Release|Any CPU
		{84FE5744-E708-4047-8B64-698FCBCD6270}.Ad-Hoc|iPhoneSimulator.Build.0 = Release|Any CPU
		{84FE5744-E708-4047-8B64-698FCBCD6270}.Ad-Hoc|x64.ActiveCfg = Release|Any CPU
		{84FE5744-E708-4047-8B64-698FCBCD6270}.Ad-Hoc|x64.Build.0 = Release|Any CPU
		{84FE5744-E708-4047-8B64-698FCBCD6270}.Ad-Hoc|x86.ActiveCfg = Release|Any CPU
		{84FE5744-E708-4047-8B64-698FCBCD6270}.Ad-Hoc|x86.Build.0 = Release|Any CPU
		{84FE5744-E708-4047-8B64-698FCBCD6270}.AppStore|Any CPU.ActiveCfg = Release|Any CPU
		{84FE5744-E708-4047-8B64-698FCBCD6270}.AppStore|Any CPU.Build.0 = Release|Any CPU
		{84FE5744-E708-4047-8B64-698FCBCD6270}.AppStore|ARM.ActiveCfg = Release|Any CPU
		{84FE5744-E708-4047-8B64-698FCBCD6270}.AppStore|ARM.Build.0 = Release|Any CPU
		{84FE5744-E708-4047-8B64-698FCBCD6270}.AppStore|iPhone.ActiveCfg = Release|Any CPU
		{84FE5744-E708-4047-8B64-698FCBCD6270}.AppStore|iPhone.Build.0 = Release|Any CPU
		{84FE5744-E708-4047-8B64-698FCBCD6270}.AppStore|iPhoneSimulator.ActiveCfg = Release|Any CPU
		{84FE5744-E708-4047-8B64-698FCBCD6270}.AppStore|iPhoneSimulator.Build.0 = Release|Any CPU
		{84FE5744-E708-4047-8B64-698FCBCD6270}.AppStore|x64.ActiveCfg = Release|Any CPU
		{84FE5744-E708-4047-8B64-698FCBCD6270}.AppStore|x64.Build.0 = Release|Any CPU
		{84FE5744-E708-4047-8B64-698FCBCD6270}.AppStore|x86.ActiveCfg = Release|Any CPU
		{84FE5744-E708-4047-8B64-698FCBCD6270}.AppStore|x86.Build.0 = Release|Any CPU
		{84FE5744-E708-4047-8B64-698FCBCD6270}.Debug|Any CPU.ActiveCfg = Debug|Any CPU
		{84FE5744-E708-4047-8B64-698FCBCD6270}.Debug|Any CPU.Build.0 = Debug|Any CPU
		{84FE5744-E708-4047-8B64-698FCBCD6270}.Debug|ARM.ActiveCfg = Debug|Any CPU
		{84FE5744-E708-4047-8B64-698FCBCD6270}.Debug|ARM.Build.0 = Debug|Any CPU
		{84FE5744-E708-4047-8B64-698FCBCD6270}.Debug|iPhone.ActiveCfg = Debug|Any CPU
		{84FE5744-E708-4047-8B64-698FCBCD6270}.Debug|iPhone.Build.0 = Debug|Any CPU
		{84FE5744-E708-4047-8B64-698FCBCD6270}.Debug|iPhoneSimulator.ActiveCfg = Debug|Any CPU
		{84FE5744-E708-4047-8B64-698FCBCD6270}.Debug|iPhoneSimulator.Build.0 = Debug|Any CPU
		{84FE5744-E708-4047-8B64-698FCBCD6270}.Debug|x64.ActiveCfg = Debug|Any CPU
		{84FE5744-E708-4047-8B64-698FCBCD6270}.Debug|x64.Build.0 = Debug|Any CPU
		{84FE5744-E708-4047-8B64-698FCBCD6270}.Debug|x86.ActiveCfg = Debug|Any CPU
		{84FE5744-E708-4047-8B64-698FCBCD6270}.Debug|x86.Build.0 = Debug|Any CPU
		{84FE5744-E708-4047-8B64-698FCBCD6270}.Release|Any CPU.ActiveCfg = Release|Any CPU
		{84FE5744-E708-4047-8B64-698FCBCD6270}.Release|Any CPU.Build.0 = Release|Any CPU
		{84FE5744-E708-4047-8B64-698FCBCD6270}.Release|ARM.ActiveCfg = Release|Any CPU
		{84FE5744-E708-4047-8B64-698FCBCD6270}.Release|ARM.Build.0 = Release|Any CPU
		{84FE5744-E708-4047-8B64-698FCBCD6270}.Release|iPhone.ActiveCfg = Release|Any CPU
		{84FE5744-E708-4047-8B64-698FCBCD6270}.Release|iPhone.Build.0 = Release|Any CPU
		{84FE5744-E708-4047-8B64-698FCBCD6270}.Release|iPhoneSimulator.ActiveCfg = Release|Any CPU
		{84FE5744-E708-4047-8B64-698FCBCD6270}.Release|iPhoneSimulator.Build.0 = Release|Any CPU
		{84FE5744-E708-4047-8B64-698FCBCD6270}.Release|x64.ActiveCfg = Release|Any CPU
		{84FE5744-E708-4047-8B64-698FCBCD6270}.Release|x64.Build.0 = Release|Any CPU
		{84FE5744-E708-4047-8B64-698FCBCD6270}.Release|x86.ActiveCfg = Release|Any CPU
		{84FE5744-E708-4047-8B64-698FCBCD6270}.Release|x86.Build.0 = Release|Any CPU
	EndGlobalSection
	GlobalSection(SolutionProperties) = preSolution
		HideSolutionNode = FALSE
	EndGlobalSection
	GlobalSection(NestedProjects) = preSolution
		{1DA07C43-A114-43E8-9411-C2EBFD818FFA} = {8CF05A8A-A15C-4AB4-BB67-B6B75289E25A}
		{0C45FFDD-0F2E-4373-8110-BF682C525947} = {8CF05A8A-A15C-4AB4-BB67-B6B75289E25A}
		{F1EBC649-C712-4C30-A2E6-9CB621C4D157} = {8CF05A8A-A15C-4AB4-BB67-B6B75289E25A}
	EndGlobalSection
	GlobalSection(ExtensibilityGlobals) = postSolution
		SolutionGuid = {88AD44B0-EFC1-4F5E-AEFF-EA54BF964413}
	EndGlobalSection
EndGlobal
